
Microsoft Visual Studio Solution File, Format Version 12.00
# Visual Studio Version 16
VisualStudioVersion = 16.0.28803.540
MinimumVisualStudioVersion = 10.0.40219.1
Project("{FAE04EC0-301F-11D3-BF4B-00C04F79EFBC}") = "TokenAuthenticationWEBAPI", "TokenAuthenticationWEBAPI\TokenAuthenticationWEBAPI.csproj", "{D4B6B860-DE4A-489C-B7B9-47A3B06BDE7D}"
EndProject
Global
	GlobalSection(SolutionConfigurationPlatforms) = preSolution
		Debug|Any CPU = Debug|Any CPU
		Release|Any CPU = Release|Any CPU
	EndGlobalSection
	GlobalSection(ProjectConfigurationPlatforms) = postSolution
		{D4B6B860-DE4A-489C-B7B9-47A3B06BDE7D}.Debug|Any CPU.ActiveCfg = Debug|Any CPU
		{D4B6B860-DE4A-489C-B7B9-47A3B06BDE7D}.Debug|Any CPU.Build.0 = Debug|Any CPU
		{D4B6B860-DE4A-489C-B7B9-47A3B06BDE7D}.Release|Any CPU.ActiveCfg = Release|Any CPU
		{D4B6B860-DE4A-489C-B7B9-47A3B06BDE7D}.Release|Any CPU.Build.0 = Release|Any CPU
	EndGlobalSection
	GlobalSection(SolutionProperties) = preSolution
		HideSolutionNode = FALSE
	EndGlobalSection
	GlobalSection(ExtensibilityGlobals) = postSolution
		SolutionGuid = {473A40AF-F0E0-4247-A2BC-50B8D3135E7A}
	EndGlobalSection
EndGlobal
